
Microsoft Visual Studio Solution File, Format Version 11.00
# Visual Studio 2010
Project("{FAE04EC0-301F-11D3-BF4B-00C04F79EFBC}") = "FileArchiver", "FileArchiver\FileArchiver.csproj", "{3B4CD727-F1CB-49FC-875F-E4B6D0D378E7}"
EndProject
Project("{E24C65DC-7377-472B-9ABA-BC803B73C61A}") = "WebTest", "WebTest\", "{B7BCD2C8-0A62-4966-9D3E-3BBC2499067D}"
	ProjectSection(WebsiteProperties) = preProject
		TargetFrameworkMoniker = ".NETFramework,Version%3Dv4.0"
		ProjectReferences = "{3B4CD727-F1CB-49FC-875F-E4B6D0D378E7}|FileArchiver.dll;"
		Debug.AspNetCompiler.VirtualPath = "/WebTest"
		Debug.AspNetCompiler.PhysicalPath = "WebTest\"
		Debug.AspNetCompiler.TargetPath = "PrecompiledWeb\WebTest\"
		Debug.AspNetCompiler.Updateable = "true"
		Debug.AspNetCompiler.ForceOverwrite = "true"
		Debug.AspNetCompiler.FixedNames = "false"
		Debug.AspNetCompiler.Debug = "True"
		Release.AspNetCompiler.VirtualPath = "/WebTest"
		Release.AspNetCompiler.PhysicalPath = "WebTest\"
		Release.AspNetCompiler.TargetPath = "PrecompiledWeb\WebTest\"
		Release.AspNetCompiler.Updateable = "true"
		Release.AspNetCompiler.ForceOverwrite = "true"
		Release.AspNetCompiler.FixedNames = "false"
		Release.AspNetCompiler.Debug = "False"
		VWDPort = "1153"
		DefaultWebSiteLanguage = "Visual C#"
	EndProjectSection
EndProject
Project("{FAE04EC0-301F-11D3-BF4B-00C04F79EFBC}") = "MTScanner", "MTScanner\MTScanner.csproj", "{198D0335-AD4A-46B1-80A7-ADD83206D22C}"
EndProject
Global
	GlobalSection(SolutionConfigurationPlatforms) = preSolution
		Debug|Any CPU = Debug|Any CPU
		Debug|Mixed Platforms = Debug|Mixed Platforms
		Debug|x86 = Debug|x86
		Release|Any CPU = Release|Any CPU
		Release|Mixed Platforms = Release|Mixed Platforms
		Release|x86 = Release|x86
	EndGlobalSection
	GlobalSection(ProjectConfigurationPlatforms) = postSolution
		{3B4CD727-F1CB-49FC-875F-E4B6D0D378E7}.Debug|Any CPU.ActiveCfg = Debug|Any CPU
		{3B4CD727-F1CB-49FC-875F-E4B6D0D378E7}.Debug|Any CPU.Build.0 = Debug|Any CPU
		{3B4CD727-F1CB-49FC-875F-E4B6D0D378E7}.Debug|Mixed Platforms.ActiveCfg = Debug|Any CPU
		{3B4CD727-F1CB-49FC-875F-E4B6D0D378E7}.Debug|Mixed Platforms.Build.0 = Debug|Any CPU
		{3B4CD727-F1CB-49FC-875F-E4B6D0D378E7}.Debug|x86.ActiveCfg = Debug|Any CPU
		{3B4CD727-F1CB-49FC-875F-E4B6D0D378E7}.Release|Any CPU.ActiveCfg = Release|Any CPU
		{3B4CD727-F1CB-49FC-875F-E4B6D0D378E7}.Release|Any CPU.Build.0 = Release|Any CPU
		{3B4CD727-F1CB-49FC-875F-E4B6D0D378E7}.Release|Mixed Platforms.ActiveCfg = Release|Any CPU
		{3B4CD727-F1CB-49FC-875F-E4B6D0D378E7}.Release|Mixed Platforms.Build.0 = Release|Any CPU
		{3B4CD727-F1CB-49FC-875F-E4B6D0D378E7}.Release|x86.ActiveCfg = Release|Any CPU
		{B7BCD2C8-0A62-4966-9D3E-3BBC2499067D}.Debug|Any CPU.ActiveCfg = Debug|Any CPU
		{B7BCD2C8-0A62-4966-9D3E-3BBC2499067D}.Debug|Any CPU.Build.0 = Debug|Any CPU
		{B7BCD2C8-0A62-4966-9D3E-3BBC2499067D}.Debug|Mixed Platforms.ActiveCfg = Debug|Any CPU
		{B7BCD2C8-0A62-4966-9D3E-3BBC2499067D}.Debug|Mixed Platforms.Build.0 = Debug|Any CPU
		{B7BCD2C8-0A62-4966-9D3E-3BBC2499067D}.Debug|x86.ActiveCfg = Debug|Any CPU
		{B7BCD2C8-0A62-4966-9D3E-3BBC2499067D}.Release|Any CPU.ActiveCfg = Debug|Any CPU
		{B7BCD2C8-0A62-4966-9D3E-3BBC2499067D}.Release|Any CPU.Build.0 = Debug|Any CPU
		{B7BCD2C8-0A62-4966-9D3E-3BBC2499067D}.Release|Mixed Platforms.ActiveCfg = Debug|Any CPU
		{B7BCD2C8-0A62-4966-9D3E-3BBC2499067D}.Release|Mixed Platforms.Build.0 = Debug|Any CPU
		{B7BCD2C8-0A62-4966-9D3E-3BBC2499067D}.Release|x86.ActiveCfg = Debug|Any CPU
		{198D0335-AD4A-46B1-80A7-ADD83206D22C}.Debug|Any CPU.ActiveCfg = Debug|x86
		{198D0335-AD4A-46B1-80A7-ADD83206D22C}.Debug|Mixed Platforms.ActiveCfg = Debug|x86
		{198D0335-AD4A-46B1-80A7-ADD83206D22C}.Debug|Mixed Platforms.Build.0 = Debug|x86
		{198D0335-AD4A-46B1-80A7-ADD83206D22C}.Debug|x86.ActiveCfg = Debug|x86
		{198D0335-AD4A-46B1-80A7-ADD83206D22C}.Debug|x86.Build.0 = Debug|x86
		{198D0335-AD4A-46B1-80A7-ADD83206D22C}.Release|Any CPU.ActiveCfg = Release|x86
		{198D0335-AD4A-46B1-80A7-ADD83206D22C}.Release|Mixed Platforms.ActiveCfg = Release|x86
		{198D0335-AD4A-46B1-80A7-ADD83206D22C}.Release|Mixed Platforms.Build.0 = Release|x86
		{198D0335-AD4A-46B1-80A7-ADD83206D22C}.Release|x86.ActiveCfg = Release|x86
		{198D0335-AD4A-46B1-80A7-ADD83206D22C}.Release|x86.Build.0 = Release|x86
	EndGlobalSection
	GlobalSection(SolutionProperties) = preSolution
		HideSolutionNode = FALSE
	EndGlobalSection
EndGlobal
